// !$*UTF8*$!
{
	archiveVersion = 1;
	classes = {
	};
	objectVersion = 51;
	objects = {

/* Begin PBXBuildFile section */
		2813A7A12E6B9F734EF0DDD9 /* Pods_InstagramTests.framework in Frameworks */ = {isa = PBXBuildFile; fileRef = 41DDB02FC5233D2D9F4FFAEF /* Pods_InstagramTests.framework */; };
		36337757C709A2102F4B3BE7 /* Pods_Instagram.framework in Frameworks */ = {isa = PBXBuildFile; fileRef = F7DB521674BCFBC4C2EBE687 /* Pods_Instagram.framework */; };
		5E5E850326950E7300081F45 /* ComposeViewController.m in Sources */ = {isa = PBXBuildFile; fileRef = 5E5E850226950E7300081F45 /* ComposeViewController.m */; };
		5E5E85062695247E00081F45 /* Post.m in Sources */ = {isa = PBXBuildFile; fileRef = 5E5E85052695247E00081F45 /* Post.m */; };
		5E5E850926960F6100081F45 /* PostCell.m in Sources */ = {isa = PBXBuildFile; fileRef = 5E5E850826960F6100081F45 /* PostCell.m */; };
		5E6BF3CD269619F000F01B9D /* DetailsViewController.m in Sources */ = {isa = PBXBuildFile; fileRef = 5E6BF3CC269619F000F01B9D /* DetailsViewController.m */; };
		5E6BF3D02696621300F01B9D /* ProfileViewController.m in Sources */ = {isa = PBXBuildFile; fileRef = 5E6BF3CF2696621300F01B9D /* ProfileViewController.m */; };
		5E6BF3D32696642F00F01B9D /* ProfileHeaderView.m in Sources */ = {isa = PBXBuildFile; fileRef = 5E6BF3D22696642F00F01B9D /* ProfileHeaderView.m */; };
		5E6BF3D6269664FF00F01B9D /* PostCollectionCell.m in Sources */ = {isa = PBXBuildFile; fileRef = 5E6BF3D5269664FF00F01B9D /* PostCollectionCell.m */; };
		5EB4D47C2694E7CD002B9D64 /* AppDelegate.m in Sources */ = {isa = PBXBuildFile; fileRef = 5EB4D47B2694E7CD002B9D64 /* AppDelegate.m */; };
		5EB4D47F2694E7CD002B9D64 /* SceneDelegate.m in Sources */ = {isa = PBXBuildFile; fileRef = 5EB4D47E2694E7CD002B9D64 /* SceneDelegate.m */; };
		5EB4D4852694E7CD002B9D64 /* Main.storyboard in Resources */ = {isa = PBXBuildFile; fileRef = 5EB4D4832694E7CD002B9D64 /* Main.storyboard */; };
		5EB4D4872694E7CE002B9D64 /* Assets.xcassets in Resources */ = {isa = PBXBuildFile; fileRef = 5EB4D4862694E7CE002B9D64 /* Assets.xcassets */; };
		5EB4D48A2694E7CE002B9D64 /* LaunchScreen.storyboard in Resources */ = {isa = PBXBuildFile; fileRef = 5EB4D4882694E7CE002B9D64 /* LaunchScreen.storyboard */; };
		5EB4D48D2694E7CE002B9D64 /* main.m in Sources */ = {isa = PBXBuildFile; fileRef = 5EB4D48C2694E7CE002B9D64 /* main.m */; };
		5EB4D4972694E7CE002B9D64 /* InstagramTests.m in Sources */ = {isa = PBXBuildFile; fileRef = 5EB4D4962694E7CE002B9D64 /* InstagramTests.m */; };
		5EB4D4A22694E7CE002B9D64 /* InstagramUITests.m in Sources */ = {isa = PBXBuildFile; fileRef = 5EB4D4A12694E7CE002B9D64 /* InstagramUITests.m */; };
		5EE21B9B2694F11500B9D6BA /* LoginViewController.m in Sources */ = {isa = PBXBuildFile; fileRef = 5EE21B9A2694F11500B9D6BA /* LoginViewController.m */; };
		5EE21B9E2694F2B400B9D6BA /* HomeViewController.m in Sources */ = {isa = PBXBuildFile; fileRef = 5EE21B9D2694F2B400B9D6BA /* HomeViewController.m */; };
		93A09DE501E17EEF496EECB1 /* Pods_Instagram_InstagramUITests.framework in Frameworks */ = {isa = PBXBuildFile; fileRef = A70F20364772709B1F608470 /* Pods_Instagram_InstagramUITests.framework */; };
/* End PBXBuildFile section */

/* Begin PBXContainerItemProxy section */
		5EB4D4932694E7CE002B9D64 /* PBXContainerItemProxy */ = {
			isa = PBXContainerItemProxy;
			containerPortal = 5EB4D46F2694E7CD002B9D64 /* Project object */;
			proxyType = 1;
			remoteGlobalIDString = 5EB4D4762694E7CD002B9D64;
			remoteInfo = Instagram;
		};
		5EB4D49E2694E7CE002B9D64 /* PBXContainerItemProxy */ = {
			isa = PBXContainerItemProxy;
			containerPortal = 5EB4D46F2694E7CD002B9D64 /* Project object */;
			proxyType = 1;
			remoteGlobalIDString = 5EB4D4762694E7CD002B9D64;
			remoteInfo = Instagram;
		};
/* End PBXContainerItemProxy section */

/* Begin PBXFileReference section */
		2994E6041A859D9AD117BD11 /* Pods-Instagram-InstagramUITests.release.xcconfig */ = {isa = PBXFileReference; includeInIndex = 1; lastKnownFileType = text.xcconfig; name = "Pods-Instagram-InstagramUITests.release.xcconfig"; path = "Target Support Files/Pods-Instagram-InstagramUITests/Pods-Instagram-InstagramUITests.release.xcconfig"; sourceTree = "<group>"; };
		41DDB02FC5233D2D9F4FFAEF /* Pods_InstagramTests.framework */ = {isa = PBXFileReference; explicitFileType = wrapper.framework; includeInIndex = 0; path = Pods_InstagramTests.framework; sourceTree = BUILT_PRODUCTS_DIR; };
		5E5E850126950E7300081F45 /* ComposeViewController.h */ = {isa = PBXFileReference; lastKnownFileType = sourcecode.c.h; path = ComposeViewController.h; sourceTree = "<group>"; };
		5E5E850226950E7300081F45 /* ComposeViewController.m */ = {isa = PBXFileReference; lastKnownFileType = sourcecode.c.objc; path = ComposeViewController.m; sourceTree = "<group>"; };
		5E5E85042695247E00081F45 /* Post.h */ = {isa = PBXFileReference; lastKnownFileType = sourcecode.c.h; path = Post.h; sourceTree = "<group>"; };
		5E5E85052695247E00081F45 /* Post.m */ = {isa = PBXFileReference; lastKnownFileType = sourcecode.c.objc; path = Post.m; sourceTree = "<group>"; };
		5E5E850726960F6100081F45 /* PostCell.h */ = {isa = PBXFileReference; lastKnownFileType = sourcecode.c.h; path = PostCell.h; sourceTree = "<group>"; };
		5E5E850826960F6100081F45 /* PostCell.m */ = {isa = PBXFileReference; lastKnownFileType = sourcecode.c.objc; path = PostCell.m; sourceTree = "<group>"; };
		5E6BF3CB269619F000F01B9D /* DetailsViewController.h */ = {isa = PBXFileReference; lastKnownFileType = sourcecode.c.h; path = DetailsViewController.h; sourceTree = "<group>"; };
		5E6BF3CC269619F000F01B9D /* DetailsViewController.m */ = {isa = PBXFileReference; lastKnownFileType = sourcecode.c.objc; path = DetailsViewController.m; sourceTree = "<group>"; };
		5E6BF3CE2696621300F01B9D /* ProfileViewController.h */ = {isa = PBXFileReference; lastKnownFileType = sourcecode.c.h; path = ProfileViewController.h; sourceTree = "<group>"; };
		5E6BF3CF2696621300F01B9D /* ProfileViewController.m */ = {isa = PBXFileReference; lastKnownFileType = sourcecode.c.objc; path = ProfileViewController.m; sourceTree = "<group>"; };
		5E6BF3D12696642F00F01B9D /* ProfileHeaderView.h */ = {isa = PBXFileReference; lastKnownFileType = sourcecode.c.h; path = ProfileHeaderView.h; sourceTree = "<group>"; };
		5E6BF3D22696642F00F01B9D /* ProfileHeaderView.m */ = {isa = PBXFileReference; lastKnownFileType = sourcecode.c.objc; path = ProfileHeaderView.m; sourceTree = "<group>"; };
		5E6BF3D4269664FF00F01B9D /* PostCollectionCell.h */ = {isa = PBXFileReference; lastKnownFileType = sourcecode.c.h; path = PostCollectionCell.h; sourceTree = "<group>"; };
		5E6BF3D5269664FF00F01B9D /* PostCollectionCell.m */ = {isa = PBXFileReference; lastKnownFileType = sourcecode.c.objc; path = PostCollectionCell.m; sourceTree = "<group>"; };
		5EB4D4772694E7CD002B9D64 /* Instagram.app */ = {isa = PBXFileReference; explicitFileType = wrapper.application; includeInIndex = 0; path = Instagram.app; sourceTree = BUILT_PRODUCTS_DIR; };
		5EB4D47A2694E7CD002B9D64 /* AppDelegate.h */ = {isa = PBXFileReference; lastKnownFileType = sourcecode.c.h; path = AppDelegate.h; sourceTree = "<group>"; };
		5EB4D47B2694E7CD002B9D64 /* AppDelegate.m */ = {isa = PBXFileReference; lastKnownFileType = sourcecode.c.objc; path = AppDelegate.m; sourceTree = "<group>"; };
		5EB4D47D2694E7CD002B9D64 /* SceneDelegate.h */ = {isa = PBXFileReference; lastKnownFileType = sourcecode.c.h; path = SceneDelegate.h; sourceTree = "<group>"; };
		5EB4D47E2694E7CD002B9D64 /* SceneDelegate.m */ = {isa = PBXFileReference; lastKnownFileType = sourcecode.c.objc; path = SceneDelegate.m; sourceTree = "<group>"; };
		5EB4D4842694E7CD002B9D64 /* Base */ = {isa = PBXFileReference; lastKnownFileType = file.storyboard; name = Base; path = Base.lproj/Main.storyboard; sourceTree = "<group>"; };
		5EB4D4862694E7CE002B9D64 /* Assets.xcassets */ = {isa = PBXFileReference; lastKnownFileType = folder.assetcatalog; path = Assets.xcassets; sourceTree = "<group>"; };
		5EB4D4892694E7CE002B9D64 /* Base */ = {isa = PBXFileReference; lastKnownFileType = file.storyboard; name = Base; path = Base.lproj/LaunchScreen.storyboard; sourceTree = "<group>"; };
		5EB4D48B2694E7CE002B9D64 /* Info.plist */ = {isa = PBXFileReference; lastKnownFileType = text.plist.xml; path = Info.plist; sourceTree = "<group>"; };
		5EB4D48C2694E7CE002B9D64 /* main.m */ = {isa = PBXFileReference; lastKnownFileType = sourcecode.c.objc; path = main.m; sourceTree = "<group>"; };
		5EB4D4922694E7CE002B9D64 /* InstagramTests.xctest */ = {isa = PBXFileReference; explicitFileType = wrapper.cfbundle; includeInIndex = 0; path = InstagramTests.xctest; sourceTree = BUILT_PRODUCTS_DIR; };
		5EB4D4962694E7CE002B9D64 /* InstagramTests.m */ = {isa = PBXFileReference; lastKnownFileType = sourcecode.c.objc; path = InstagramTests.m; sourceTree = "<group>"; };
		5EB4D4982694E7CE002B9D64 /* Info.plist */ = {isa = PBXFileReference; lastKnownFileType = text.plist.xml; path = Info.plist; sourceTree = "<group>"; };
		5EB4D49D2694E7CE002B9D64 /* InstagramUITests.xctest */ = {isa = PBXFileReference; explicitFileType = wrapper.cfbundle; includeInIndex = 0; path = InstagramUITests.xctest; sourceTree = BUILT_PRODUCTS_DIR; };
		5EB4D4A12694E7CE002B9D64 /* InstagramUITests.m */ = {isa = PBXFileReference; lastKnownFileType = sourcecode.c.objc; path = InstagramUITests.m; sourceTree = "<group>"; };
		5EB4D4A32694E7CE002B9D64 /* Info.plist */ = {isa = PBXFileReference; lastKnownFileType = text.plist.xml; path = Info.plist; sourceTree = "<group>"; };
		5EE21B992694F11500B9D6BA /* LoginViewController.h */ = {isa = PBXFileReference; lastKnownFileType = sourcecode.c.h; path = LoginViewController.h; sourceTree = "<group>"; };
		5EE21B9A2694F11500B9D6BA /* LoginViewController.m */ = {isa = PBXFileReference; lastKnownFileType = sourcecode.c.objc; path = LoginViewController.m; sourceTree = "<group>"; };
		5EE21B9C2694F2B400B9D6BA /* HomeViewController.h */ = {isa = PBXFileReference; lastKnownFileType = sourcecode.c.h; path = HomeViewController.h; sourceTree = "<group>"; };
		5EE21B9D2694F2B400B9D6BA /* HomeViewController.m */ = {isa = PBXFileReference; lastKnownFileType = sourcecode.c.objc; path = HomeViewController.m; sourceTree = "<group>"; };
		A199D44C6A0185D2B03EA3EC /* Pods-Instagram.release.xcconfig */ = {isa = PBXFileReference; includeInIndex = 1; lastKnownFileType = text.xcconfig; name = "Pods-Instagram.release.xcconfig"; path = "Target Support Files/Pods-Instagram/Pods-Instagram.release.xcconfig"; sourceTree = "<group>"; };
		A70F20364772709B1F608470 /* Pods_Instagram_InstagramUITests.framework */ = {isa = PBXFileReference; explicitFileType = wrapper.framework; includeInIndex = 0; path = Pods_Instagram_InstagramUITests.framework; sourceTree = BUILT_PRODUCTS_DIR; };
		AA1F26394B1B1F4A383DA3DC /* Pods-Instagram.debug.xcconfig */ = {isa = PBXFileReference; includeInIndex = 1; lastKnownFileType = text.xcconfig; name = "Pods-Instagram.debug.xcconfig"; path = "Target Support Files/Pods-Instagram/Pods-Instagram.debug.xcconfig"; sourceTree = "<group>"; };
		B8333084EE781B5022C14336 /* Pods-InstagramTests.debug.xcconfig */ = {isa = PBXFileReference; includeInIndex = 1; lastKnownFileType = text.xcconfig; name = "Pods-InstagramTests.debug.xcconfig"; path = "Target Support Files/Pods-InstagramTests/Pods-InstagramTests.debug.xcconfig"; sourceTree = "<group>"; };
		BE36BA1D462E98AD1A626FB3 /* Pods-Instagram-InstagramUITests.debug.xcconfig */ = {isa = PBXFileReference; includeInIndex = 1; lastKnownFileType = text.xcconfig; name = "Pods-Instagram-InstagramUITests.debug.xcconfig"; path = "Target Support Files/Pods-Instagram-InstagramUITests/Pods-Instagram-InstagramUITests.debug.xcconfig"; sourceTree = "<group>"; };
		CF176F6CB0DD3CB3C067A6B0 /* Pods-InstagramTests.release.xcconfig */ = {isa = PBXFileReference; includeInIndex = 1; lastKnownFileType = text.xcconfig; name = "Pods-InstagramTests.release.xcconfig"; path = "Target Support Files/Pods-InstagramTests/Pods-InstagramTests.release.xcconfig"; sourceTree = "<group>"; };
		F7DB521674BCFBC4C2EBE687 /* Pods_Instagram.framework */ = {isa = PBXFileReference; explicitFileType = wrapper.framework; includeInIndex = 0; path = Pods_Instagram.framework; sourceTree = BUILT_PRODUCTS_DIR; };
/* End PBXFileReference section */

/* Begin PBXFrameworksBuildPhase section */
		5EB4D4742694E7CD002B9D64 /* Frameworks */ = {
			isa = PBXFrameworksBuildPhase;
			buildActionMask = 2147483647;
			files = (
				36337757C709A2102F4B3BE7 /* Pods_Instagram.framework in Frameworks */,
			);
			runOnlyForDeploymentPostprocessing = 0;
		};
		5EB4D48F2694E7CE002B9D64 /* Frameworks */ = {
			isa = PBXFrameworksBuildPhase;
			buildActionMask = 2147483647;
			files = (
				2813A7A12E6B9F734EF0DDD9 /* Pods_InstagramTests.framework in Frameworks */,
			);
			runOnlyForDeploymentPostprocessing = 0;
		};
		5EB4D49A2694E7CE002B9D64 /* Frameworks */ = {
			isa = PBXFrameworksBuildPhase;
			buildActionMask = 2147483647;
			files = (
				93A09DE501E17EEF496EECB1 /* Pods_Instagram_InstagramUITests.framework in Frameworks */,
			);
			runOnlyForDeploymentPostprocessing = 0;
		};
/* End PBXFrameworksBuildPhase section */

/* Begin PBXGroup section */
		5EB4D46E2694E7CD002B9D64 = {
			isa = PBXGroup;
			children = (
				5EB4D4792694E7CD002B9D64 /* Instagram */,
				5EB4D4952694E7CE002B9D64 /* InstagramTests */,
				5EB4D4A02694E7CE002B9D64 /* InstagramUITests */,
				5EB4D4782694E7CD002B9D64 /* Products */,
				C543BD47E7A1FC57F0652836 /* Pods */,
				8BF1A7F453B9F30B83C8FA20 /* Frameworks */,
			);
			sourceTree = "<group>";
		};
		5EB4D4782694E7CD002B9D64 /* Products */ = {
			isa = PBXGroup;
			children = (
				5EB4D4772694E7CD002B9D64 /* Instagram.app */,
				5EB4D4922694E7CE002B9D64 /* InstagramTests.xctest */,
				5EB4D49D2694E7CE002B9D64 /* InstagramUITests.xctest */,
			);
			name = Products;
			sourceTree = "<group>";
		};
		5EB4D4792694E7CD002B9D64 /* Instagram */ = {
			isa = PBXGroup;
			children = (
				5EE21B952694F07B00B9D6BA /* View Controllers */,
				5EE21B962694F08300B9D6BA /* Views */,
				5EE21B972694F08D00B9D6BA /* API */,
				5EE21B982694F09100B9D6BA /* Models */,
				5EB4D47A2694E7CD002B9D64 /* AppDelegate.h */,
				5EB4D47B2694E7CD002B9D64 /* AppDelegate.m */,
				5EB4D47D2694E7CD002B9D64 /* SceneDelegate.h */,
				5EB4D47E2694E7CD002B9D64 /* SceneDelegate.m */,
				5EB4D4832694E7CD002B9D64 /* Main.storyboard */,
				5EB4D4862694E7CE002B9D64 /* Assets.xcassets */,
				5EB4D4882694E7CE002B9D64 /* LaunchScreen.storyboard */,
				5EB4D48B2694E7CE002B9D64 /* Info.plist */,
				5EB4D48C2694E7CE002B9D64 /* main.m */,
			);
			path = Instagram;
			sourceTree = "<group>";
		};
		5EB4D4952694E7CE002B9D64 /* InstagramTests */ = {
			isa = PBXGroup;
			children = (
				5EB4D4962694E7CE002B9D64 /* InstagramTests.m */,
				5EB4D4982694E7CE002B9D64 /* Info.plist */,
			);
			path = InstagramTests;
			sourceTree = "<group>";
		};
		5EB4D4A02694E7CE002B9D64 /* InstagramUITests */ = {
			isa = PBXGroup;
			children = (
				5EB4D4A12694E7CE002B9D64 /* InstagramUITests.m */,
				5EB4D4A32694E7CE002B9D64 /* Info.plist */,
			);
			path = InstagramUITests;
			sourceTree = "<group>";
		};
		5EE21B952694F07B00B9D6BA /* View Controllers */ = {
			isa = PBXGroup;
			children = (
				5EE21B992694F11500B9D6BA /* LoginViewController.h */,
				5EE21B9A2694F11500B9D6BA /* LoginViewController.m */,
				5EE21B9C2694F2B400B9D6BA /* HomeViewController.h */,
				5EE21B9D2694F2B400B9D6BA /* HomeViewController.m */,
				5E5E850126950E7300081F45 /* ComposeViewController.h */,
				5E5E850226950E7300081F45 /* ComposeViewController.m */,
				5E6BF3CB269619F000F01B9D /* DetailsViewController.h */,
				5E6BF3CC269619F000F01B9D /* DetailsViewController.m */,
				5E6BF3CE2696621300F01B9D /* ProfileViewController.h */,
				5E6BF3CF2696621300F01B9D /* ProfileViewController.m */,
			);
			path = "View Controllers";
			sourceTree = "<group>";
		};
		5EE21B962694F08300B9D6BA /* Views */ = {
			isa = PBXGroup;
			children = (
				5E5E850726960F6100081F45 /* PostCell.h */,
				5E5E850826960F6100081F45 /* PostCell.m */,
				5E6BF3D12696642F00F01B9D /* ProfileHeaderView.h */,
				5E6BF3D22696642F00F01B9D /* ProfileHeaderView.m */,
				5E6BF3D4269664FF00F01B9D /* PostCollectionCell.h */,
				5E6BF3D5269664FF00F01B9D /* PostCollectionCell.m */,
			);
			path = Views;
			sourceTree = "<group>";
		};
		5EE21B972694F08D00B9D6BA /* API */ = {
			isa = PBXGroup;
			children = (
			);
			path = API;
			sourceTree = "<group>";
		};
		5EE21B982694F09100B9D6BA /* Models */ = {
			isa = PBXGroup;
			children = (
				5E5E85042695247E00081F45 /* Post.h */,
				5E5E85052695247E00081F45 /* Post.m */,
			);
			path = Models;
			sourceTree = "<group>";
		};
		8BF1A7F453B9F30B83C8FA20 /* Frameworks */ = {
			isa = PBXGroup;
			children = (
				F7DB521674BCFBC4C2EBE687 /* Pods_Instagram.framework */,
				A70F20364772709B1F608470 /* Pods_Instagram_InstagramUITests.framework */,
				41DDB02FC5233D2D9F4FFAEF /* Pods_InstagramTests.framework */,
			);
			name = Frameworks;
			sourceTree = "<group>";
		};
		C543BD47E7A1FC57F0652836 /* Pods */ = {
			isa = PBXGroup;
			children = (
				AA1F26394B1B1F4A383DA3DC /* Pods-Instagram.debug.xcconfig */,
				A199D44C6A0185D2B03EA3EC /* Pods-Instagram.release.xcconfig */,
				BE36BA1D462E98AD1A626FB3 /* Pods-Instagram-InstagramUITests.debug.xcconfig */,
				2994E6041A859D9AD117BD11 /* Pods-Instagram-InstagramUITests.release.xcconfig */,
				B8333084EE781B5022C14336 /* Pods-InstagramTests.debug.xcconfig */,
				CF176F6CB0DD3CB3C067A6B0 /* Pods-InstagramTests.release.xcconfig */,
			);
			path = Pods;
			sourceTree = "<group>";
		};
/* End PBXGroup section */

/* Begin PBXNativeTarget section */
		5EB4D4762694E7CD002B9D64 /* Instagram */ = {
			isa = PBXNativeTarget;
			buildConfigurationList = 5EB4D4A62694E7CE002B9D64 /* Build configuration list for PBXNativeTarget "Instagram" */;
			buildPhases = (
				8B3DDAC0A4F0FC7750A3DA01 /* [CP] Check Pods Manifest.lock */,
				5EB4D4732694E7CD002B9D64 /* Sources */,
				5EB4D4742694E7CD002B9D64 /* Frameworks */,
				5EB4D4752694E7CD002B9D64 /* Resources */,
				A6B8EE046B82681C287D9D71 /* [CP] Embed Pods Frameworks */,
			);
			buildRules = (
			);
			dependencies = (
			);
			name = Instagram;
			productName = Instagram;
			productReference = 5EB4D4772694E7CD002B9D64 /* Instagram.app */;
			productType = "com.apple.product-type.application";
		};
		5EB4D4912694E7CE002B9D64 /* InstagramTests */ = {
			isa = PBXNativeTarget;
			buildConfigurationList = 5EB4D4A92694E7CE002B9D64 /* Build configuration list for PBXNativeTarget "InstagramTests" */;
			buildPhases = (
				7954EF6422201FBC96A9546D /* [CP] Check Pods Manifest.lock */,
				5EB4D48E2694E7CE002B9D64 /* Sources */,
				5EB4D48F2694E7CE002B9D64 /* Frameworks */,
				5EB4D4902694E7CE002B9D64 /* Resources */,
			);
			buildRules = (
			);
			dependencies = (
				5EB4D4942694E7CE002B9D64 /* PBXTargetDependency */,
			);
			name = InstagramTests;
			productName = InstagramTests;
			productReference = 5EB4D4922694E7CE002B9D64 /* InstagramTests.xctest */;
			productType = "com.apple.product-type.bundle.unit-test";
		};
		5EB4D49C2694E7CE002B9D64 /* InstagramUITests */ = {
			isa = PBXNativeTarget;
			buildConfigurationList = 5EB4D4AC2694E7CE002B9D64 /* Build configuration list for PBXNativeTarget "InstagramUITests" */;
			buildPhases = (
				9D01FAF42F1B9E0AD9AF0741 /* [CP] Check Pods Manifest.lock */,
				5EB4D4992694E7CE002B9D64 /* Sources */,
				5EB4D49A2694E7CE002B9D64 /* Frameworks */,
				5EB4D49B2694E7CE002B9D64 /* Resources */,
				8C8FA902813A7CDBD27DBA00 /* [CP] Embed Pods Frameworks */,
			);
			buildRules = (
			);
			dependencies = (
				5EB4D49F2694E7CE002B9D64 /* PBXTargetDependency */,
			);
			name = InstagramUITests;
			productName = InstagramUITests;
			productReference = 5EB4D49D2694E7CE002B9D64 /* InstagramUITests.xctest */;
			productType = "com.apple.product-type.bundle.ui-testing";
		};
/* End PBXNativeTarget section */

/* Begin PBXProject section */
		5EB4D46F2694E7CD002B9D64 /* Project object */ = {
			isa = PBXProject;
			attributes = {
				LastUpgradeCheck = 1250;
				TargetAttributes = {
					5EB4D4762694E7CD002B9D64 = {
						CreatedOnToolsVersion = 12.5.1;
					};
					5EB4D4912694E7CE002B9D64 = {
						CreatedOnToolsVersion = 12.5.1;
						TestTargetID = 5EB4D4762694E7CD002B9D64;
					};
					5EB4D49C2694E7CE002B9D64 = {
						CreatedOnToolsVersion = 12.5.1;
						TestTargetID = 5EB4D4762694E7CD002B9D64;
					};
				};
			};
			buildConfigurationList = 5EB4D4722694E7CD002B9D64 /* Build configuration list for PBXProject "Instagram" */;
			compatibilityVersion = "Xcode 9.3";
			developmentRegion = en;
			hasScannedForEncodings = 0;
			knownRegions = (
				en,
				Base,
			);
			mainGroup = 5EB4D46E2694E7CD002B9D64;
			productRefGroup = 5EB4D4782694E7CD002B9D64 /* Products */;
			projectDirPath = "";
			projectRoot = "";
			targets = (
				5EB4D4762694E7CD002B9D64 /* Instagram */,
				5EB4D4912694E7CE002B9D64 /* InstagramTests */,
				5EB4D49C2694E7CE002B9D64 /* InstagramUITests */,
			);
		};
/* End PBXProject section */

/* Begin PBXResourcesBuildPhase section */
		5EB4D4752694E7CD002B9D64 /* Resources */ = {
			isa = PBXResourcesBuildPhase;
			buildActionMask = 2147483647;
			files = (
				5EB4D48A2694E7CE002B9D64 /* LaunchScreen.storyboard in Resources */,
				5EB4D4872694E7CE002B9D64 /* Assets.xcassets in Resources */,
				5EB4D4852694E7CD002B9D64 /* Main.storyboard in Resources */,
			);
			runOnlyForDeploymentPostprocessing = 0;
		};
		5EB4D4902694E7CE002B9D64 /* Resources */ = {
			isa = PBXResourcesBuildPhase;
			buildActionMask = 2147483647;
			files = (
			);
			runOnlyForDeploymentPostprocessing = 0;
		};
		5EB4D49B2694E7CE002B9D64 /* Resources */ = {
			isa = PBXResourcesBuildPhase;
			buildActionMask = 2147483647;
			files = (
			);
			runOnlyForDeploymentPostprocessing = 0;
		};
/* End PBXResourcesBuildPhase section */

/* Begin PBXShellScriptBuildPhase section */
		7954EF6422201FBC96A9546D /* [CP] Check Pods Manifest.lock */ = {
			isa = PBXShellScriptBuildPhase;
			buildActionMask = 2147483647;
			files = (
			);
			inputFileListPaths = (
			);
			inputPaths = (
				"${PODS_PODFILE_DIR_PATH}/Podfile.lock",
				"${PODS_ROOT}/Manifest.lock",
			);
			name = "[CP] Check Pods Manifest.lock";
			outputFileListPaths = (
			);
			outputPaths = (
				"$(DERIVED_FILE_DIR)/Pods-InstagramTests-checkManifestLockResult.txt",
			);
			runOnlyForDeploymentPostprocessing = 0;
			shellPath = /bin/sh;
			shellScript = "diff \"${PODS_PODFILE_DIR_PATH}/Podfile.lock\" \"${PODS_ROOT}/Manifest.lock\" > /dev/null\nif [ $? != 0 ] ; then\n    # print error to STDERR\n    echo \"error: The sandbox is not in sync with the Podfile.lock. Run 'pod install' or update your CocoaPods installation.\" >&2\n    exit 1\nfi\n# This output is used by Xcode 'outputs' to avoid re-running this script phase.\necho \"SUCCESS\" > \"${SCRIPT_OUTPUT_FILE_0}\"\n";
			showEnvVarsInLog = 0;
		};
		8B3DDAC0A4F0FC7750A3DA01 /* [CP] Check Pods Manifest.lock */ = {
			isa = PBXShellScriptBuildPhase;
			buildActionMask = 2147483647;
			files = (
			);
			inputFileListPaths = (
			);
			inputPaths = (
				"${PODS_PODFILE_DIR_PATH}/Podfile.lock",
				"${PODS_ROOT}/Manifest.lock",
			);
			name = "[CP] Check Pods Manifest.lock";
			outputFileListPaths = (
			);
			outputPaths = (
				"$(DERIVED_FILE_DIR)/Pods-Instagram-checkManifestLockResult.txt",
			);
			runOnlyForDeploymentPostprocessing = 0;
			shellPath = /bin/sh;
			shellScript = "diff \"${PODS_PODFILE_DIR_PATH}/Podfile.lock\" \"${PODS_ROOT}/Manifest.lock\" > /dev/null\nif [ $? != 0 ] ; then\n    # print error to STDERR\n    echo \"error: The sandbox is not in sync with the Podfile.lock. Run 'pod install' or update your CocoaPods installation.\" >&2\n    exit 1\nfi\n# This output is used by Xcode 'outputs' to avoid re-running this script phase.\necho \"SUCCESS\" > \"${SCRIPT_OUTPUT_FILE_0}\"\n";
			showEnvVarsInLog = 0;
		};
		8C8FA902813A7CDBD27DBA00 /* [CP] Embed Pods Frameworks */ = {
			isa = PBXShellScriptBuildPhase;
			buildActionMask = 2147483647;
			files = (
			);
			inputFileListPaths = (
				"${PODS_ROOT}/Target Support Files/Pods-Instagram-InstagramUITests/Pods-Instagram-InstagramUITests-frameworks-${CONFIGURATION}-input-files.xcfilelist",
			);
			name = "[CP] Embed Pods Frameworks";
			outputFileListPaths = (
				"${PODS_ROOT}/Target Support Files/Pods-Instagram-InstagramUITests/Pods-Instagram-InstagramUITests-frameworks-${CONFIGURATION}-output-files.xcfilelist",
			);
			runOnlyForDeploymentPostprocessing = 0;
			shellPath = /bin/sh;
			shellScript = "\"${PODS_ROOT}/Target Support Files/Pods-Instagram-InstagramUITests/Pods-Instagram-InstagramUITests-frameworks.sh\"\n";
			showEnvVarsInLog = 0;
		};
		9D01FAF42F1B9E0AD9AF0741 /* [CP] Check Pods Manifest.lock */ = {
			isa = PBXShellScriptBuildPhase;
			buildActionMask = 2147483647;
			files = (
			);
			inputFileListPaths = (
			);
			inputPaths = (
				"${PODS_PODFILE_DIR_PATH}/Podfile.lock",
				"${PODS_ROOT}/Manifest.lock",
			);
			name = "[CP] Check Pods Manifest.lock";
			outputFileListPaths = (
			);
			outputPaths = (
				"$(DERIVED_FILE_DIR)/Pods-Instagram-InstagramUITests-checkManifestLockResult.txt",
			);
			runOnlyForDeploymentPostprocessing = 0;
			shellPath = /bin/sh;
			shellScript = "diff \"${PODS_PODFILE_DIR_PATH}/Podfile.lock\" \"${PODS_ROOT}/Manifest.lock\" > /dev/null\nif [ $? != 0 ] ; then\n    # print error to STDERR\n    echo \"error: The sandbox is not in sync with the Podfile.lock. Run 'pod install' or update your CocoaPods installation.\" >&2\n    exit 1\nfi\n# This output is used by Xcode 'outputs' to avoid re-running this script phase.\necho \"SUCCESS\" > \"${SCRIPT_OUTPUT_FILE_0}\"\n";
			showEnvVarsInLog = 0;
		};
		A6B8EE046B82681C287D9D71 /* [CP] Embed Pods Frameworks */ = {
			isa = PBXShellScriptBuildPhase;
			buildActionMask = 2147483647;
			files = (
			);
			inputFileListPaths = (
				"${PODS_ROOT}/Target Support Files/Pods-Instagram/Pods-Instagram-frameworks-${CONFIGURATION}-input-files.xcfilelist",
			);
			name = "[CP] Embed Pods Frameworks";
			outputFileListPaths = (
				"${PODS_ROOT}/Target Support Files/Pods-Instagram/Pods-Instagram-frameworks-${CONFIGURATION}-output-files.xcfilelist",
			);
			runOnlyForDeploymentPostprocessing = 0;
			shellPath = /bin/sh;
			shellScript = "\"${PODS_ROOT}/Target Support Files/Pods-Instagram/Pods-Instagram-frameworks.sh\"\n";
			showEnvVarsInLog = 0;
		};
/* End PBXShellScriptBuildPhase section */

/* Begin PBXSourcesBuildPhase section */
		5EB4D4732694E7CD002B9D64 /* Sources */ = {
			isa = PBXSourcesBuildPhase;
			buildActionMask = 2147483647;
			files = (
				5EE21B9B2694F11500B9D6BA /* LoginViewController.m in Sources */,
				5EB4D47C2694E7CD002B9D64 /* AppDelegate.m in Sources */,
				5EB4D48D2694E7CE002B9D64 /* main.m in Sources */,
				5E6BF3D32696642F00F01B9D /* ProfileHeaderView.m in Sources */,
				5E5E850926960F6100081F45 /* PostCell.m in Sources */,
				5E6BF3D02696621300F01B9D /* ProfileViewController.m in Sources */,
				5E5E850326950E7300081F45 /* ComposeViewController.m in Sources */,
				5EE21B9E2694F2B400B9D6BA /* HomeViewController.m in Sources */,
				5E6BF3CD269619F000F01B9D /* DetailsViewController.m in Sources */,
				5E6BF3D6269664FF00F01B9D /* PostCollectionCell.m in Sources */,
				5EB4D47F2694E7CD002B9D64 /* SceneDelegate.m in Sources */,
				5E5E85062695247E00081F45 /* Post.m in Sources */,
			);
			runOnlyForDeploymentPostprocessing = 0;
		};
		5EB4D48E2694E7CE002B9D64 /* Sources */ = {
			isa = PBXSourcesBuildPhase;
			buildActionMask = 2147483647;
			files = (
				5EB4D4972694E7CE002B9D64 /* InstagramTests.m in Sources */,
			);
			runOnlyForDeploymentPostprocessing = 0;
		};
		5EB4D4992694E7CE002B9D64 /* Sources */ = {
			isa = PBXSourcesBuildPhase;
			buildActionMask = 2147483647;
			files = (
				5EB4D4A22694E7CE002B9D64 /* InstagramUITests.m in Sources */,
			);
			runOnlyForDeploymentPostprocessing = 0;
		};
/* End PBXSourcesBuildPhase section */

/* Begin PBXTargetDependency section */
		5EB4D4942694E7CE002B9D64 /* PBXTargetDependency */ = {
			isa = PBXTargetDependency;
			target = 5EB4D4762694E7CD002B9D64 /* Instagram */;
			targetProxy = 5EB4D4932694E7CE002B9D64 /* PBXContainerItemProxy */;
		};
		5EB4D49F2694E7CE002B9D64 /* PBXTargetDependency */ = {
			isa = PBXTargetDependency;
			target = 5EB4D4762694E7CD002B9D64 /* Instagram */;
			targetProxy = 5EB4D49E2694E7CE002B9D64 /* PBXContainerItemProxy */;
		};
/* End PBXTargetDependency section */

/* Begin PBXVariantGroup section */
		5EB4D4832694E7CD002B9D64 /* Main.storyboard */ = {
			isa = PBXVariantGroup;
			children = (
				5EB4D4842694E7CD002B9D64 /* Base */,
			);
			name = Main.storyboard;
			sourceTree = "<group>";
		};
		5EB4D4882694E7CE002B9D64 /* LaunchScreen.storyboard */ = {
			isa = PBXVariantGroup;
			children = (
				5EB4D4892694E7CE002B9D64 /* Base */,
			);
			name = LaunchScreen.storyboard;
			sourceTree = "<group>";
		};
/* End PBXVariantGroup section */

/* Begin XCBuildConfiguration section */
		5EB4D4A42694E7CE002B9D64 /* Debug */ = {
			isa = XCBuildConfiguration;
			buildSettings = {
				ALWAYS_SEARCH_USER_PATHS = NO;
				CLANG_ANALYZER_NONNULL = YES;
				CLANG_ANALYZER_NUMBER_OBJECT_CONVERSION = YES_AGGRESSIVE;
				CLANG_CXX_LANGUAGE_STANDARD = "gnu++14";
				CLANG_CXX_LIBRARY = "libc++";
				CLANG_ENABLE_MODULES = YES;
				CLANG_ENABLE_OBJC_ARC = YES;
				CLANG_ENABLE_OBJC_WEAK = YES;
				CLANG_WARN_BLOCK_CAPTURE_AUTORELEASING = YES;
				CLANG_WARN_BOOL_CONVERSION = YES;
				CLANG_WARN_COMMA = YES;
				CLANG_WARN_CONSTANT_CONVERSION = YES;
				CLANG_WARN_DEPRECATED_OBJC_IMPLEMENTATIONS = YES;
				CLANG_WARN_DIRECT_OBJC_ISA_USAGE = YES_ERROR;
				CLANG_WARN_DOCUMENTATION_COMMENTS = YES;
				CLANG_WARN_EMPTY_BODY = YES;
				CLANG_WARN_ENUM_CONVERSION = YES;
				CLANG_WARN_INFINITE_RECURSION = YES;
				CLANG_WARN_INT_CONVERSION = YES;
				CLANG_WARN_NON_LITERAL_NULL_CONVERSION = YES;
				CLANG_WARN_OBJC_IMPLICIT_RETAIN_SELF = YES;
				CLANG_WARN_OBJC_LITERAL_CONVERSION = YES;
				CLANG_WARN_OBJC_ROOT_CLASS = YES_ERROR;
				CLANG_WARN_QUOTED_INCLUDE_IN_FRAMEWORK_HEADER = YES;
				CLANG_WARN_RANGE_LOOP_ANALYSIS = YES;
				CLANG_WARN_STRICT_PROTOTYPES = YES;
				CLANG_WARN_SUSPICIOUS_MOVE = YES;
				CLANG_WARN_UNGUARDED_AVAILABILITY = YES_AGGRESSIVE;
				CLANG_WARN_UNREACHABLE_CODE = YES;
				CLANG_WARN__DUPLICATE_METHOD_MATCH = YES;
				COPY_PHASE_STRIP = NO;
				DEBUG_INFORMATION_FORMAT = dwarf;
				ENABLE_STRICT_OBJC_MSGSEND = YES;
				ENABLE_TESTABILITY = YES;
				GCC_C_LANGUAGE_STANDARD = gnu11;
				GCC_DYNAMIC_NO_PIC = NO;
				GCC_NO_COMMON_BLOCKS = YES;
				GCC_OPTIMIZATION_LEVEL = 0;
				GCC_PREPROCESSOR_DEFINITIONS = (
					"DEBUG=1",
					"$(inherited)",
				);
				GCC_WARN_64_TO_32_BIT_CONVERSION = YES;
				GCC_WARN_ABOUT_RETURN_TYPE = YES_ERROR;
				GCC_WARN_UNDECLARED_SELECTOR = YES;
				GCC_WARN_UNINITIALIZED_AUTOS = YES_AGGRESSIVE;
				GCC_WARN_UNUSED_FUNCTION = YES;
				GCC_WARN_UNUSED_VARIABLE = YES;
				IPHONEOS_DEPLOYMENT_TARGET = 14.5;
				MTL_ENABLE_DEBUG_INFO = INCLUDE_SOURCE;
				MTL_FAST_MATH = YES;
				ONLY_ACTIVE_ARCH = YES;
				SDKROOT = iphoneos;
			};
			name = Debug;
		};
		5EB4D4A52694E7CE002B9D64 /* Release */ = {
			isa = XCBuildConfiguration;
			buildSettings = {
				ALWAYS_SEARCH_USER_PATHS = NO;
				CLANG_ANALYZER_NONNULL = YES;
				CLANG_ANALYZER_NUMBER_OBJECT_CONVERSION = YES_AGGRESSIVE;
				CLANG_CXX_LANGUAGE_STANDARD = "gnu++14";
				CLANG_CXX_LIBRARY = "libc++";
				CLANG_ENABLE_MODULES = YES;
				CLANG_ENABLE_OBJC_ARC = YES;
				CLANG_ENABLE_OBJC_WEAK = YES;
				CLANG_WARN_BLOCK_CAPTURE_AUTORELEASING = YES;
				CLANG_WARN_BOOL_CONVERSION = YES;
				CLANG_WARN_COMMA = YES;
				CLANG_WARN_CONSTANT_CONVERSION = YES;
				CLANG_WARN_DEPRECATED_OBJC_IMPLEMENTATIONS = YES;
				CLANG_WARN_DIRECT_OBJC_ISA_USAGE = YES_ERROR;
				CLANG_WARN_DOCUMENTATION_COMMENTS = YES;
				CLANG_WARN_EMPTY_BODY = YES;
				CLANG_WARN_ENUM_CONVERSION = YES;
				CLANG_WARN_INFINITE_RECURSION = YES;
				CLANG_WARN_INT_CONVERSION = YES;
				CLANG_WARN_NON_LITERAL_NULL_CONVERSION = YES;
				CLANG_WARN_OBJC_IMPLICIT_RETAIN_SELF = YES;
				CLANG_WARN_OBJC_LITERAL_CONVERSION = YES;
				CLANG_WARN_OBJC_ROOT_CLASS = YES_ERROR;
				CLANG_WARN_QUOTED_INCLUDE_IN_FRAMEWORK_HEADER = YES;
				CLANG_WARN_RANGE_LOOP_ANALYSIS = YES;
				CLANG_WARN_STRICT_PROTOTYPES = YES;
				CLANG_WARN_SUSPICIOUS_MOVE = YES;
				CLANG_WARN_UNGUARDED_AVAILABILITY = YES_AGGRESSIVE;
				CLANG_WARN_UNREACHABLE_CODE = YES;
				CLANG_WARN__DUPLICATE_METHOD_MATCH = YES;
				COPY_PHASE_STRIP = NO;
				DEBUG_INFORMATION_FORMAT = "dwarf-with-dsym";
				ENABLE_NS_ASSERTIONS = NO;
				ENABLE_STRICT_OBJC_MSGSEND = YES;
				GCC_C_LANGUAGE_STANDARD = gnu11;
				GCC_NO_COMMON_BLOCKS = YES;
				GCC_WARN_64_TO_32_BIT_CONVERSION = YES;
				GCC_WARN_ABOUT_RETURN_TYPE = YES_ERROR;
				GCC_WARN_UNDECLARED_SELECTOR = YES;
				GCC_WARN_UNINITIALIZED_AUTOS = YES_AGGRESSIVE;
				GCC_WARN_UNUSED_FUNCTION = YES;
				GCC_WARN_UNUSED_VARIABLE = YES;
				IPHONEOS_DEPLOYMENT_TARGET = 14.5;
				MTL_ENABLE_DEBUG_INFO = NO;
				MTL_FAST_MATH = YES;
				SDKROOT = iphoneos;
				VALIDATE_PRODUCT = YES;
			};
			name = Release;
		};
		5EB4D4A72694E7CE002B9D64 /* Debug */ = {
			isa = XCBuildConfiguration;
			baseConfigurationReference = AA1F26394B1B1F4A383DA3DC /* Pods-Instagram.debug.xcconfig */;
			buildSettings = {
				ASSETCATALOG_COMPILER_APPICON_NAME = AppIcon;
				ASSETCATALOG_COMPILER_GLOBAL_ACCENT_COLOR_NAME = AccentColor;
				CODE_SIGN_STYLE = Automatic;
				DEVELOPMENT_TEAM = 6PHVC92C5H;
				INFOPLIST_FILE = Instagram/Info.plist;
				LD_RUNPATH_SEARCH_PATHS = (
					"$(inherited)",
					"@executable_path/Frameworks",
				);
				PRODUCT_BUNDLE_IDENTIFIER = com.elisaj.Instagram;
				PRODUCT_NAME = "$(TARGET_NAME)";
				TARGETED_DEVICE_FAMILY = "1,2";
			};
			name = Debug;
		};
		5EB4D4A82694E7CE002B9D64 /* Release */ = {
			isa = XCBuildConfiguration;
			baseConfigurationReference = A199D44C6A0185D2B03EA3EC /* Pods-Instagram.release.xcconfig */;
			buildSettings = {
				ASSETCATALOG_COMPILER_APPICON_NAME = AppIcon;
				ASSETCATALOG_COMPILER_GLOBAL_ACCENT_COLOR_NAME = AccentColor;
				CODE_SIGN_STYLE = Automatic;
				DEVELOPMENT_TEAM = 6PHVC92C5H;
				INFOPLIST_FILE = Instagram/Info.plist;
				LD_RUNPATH_SEARCH_PATHS = (
					"$(inherited)",
					"@executable_path/Frameworks",
				);
				PRODUCT_BUNDLE_IDENTIFIER = com.elisaj.Instagram;
				PRODUCT_NAME = "$(TARGET_NAME)";
				TARGETED_DEVICE_FAMILY = "1,2";
			};
			name = Release;
		};
		5EB4D4AA2694E7CE002B9D64 /* Debug */ = {
			isa = XCBuildConfiguration;
			baseConfigurationReference = B8333084EE781B5022C14336 /* Pods-InstagramTests.debug.xcconfig */;
			buildSettings = {
				BUNDLE_LOADER = "$(TEST_HOST)";
				CODE_SIGN_STYLE = Automatic;
				DEVELOPMENT_TEAM = 6PHVC92C5H;
				INFOPLIST_FILE = InstagramTests/Info.plist;
				IPHONEOS_DEPLOYMENT_TARGET = 14.5;
				LD_RUNPATH_SEARCH_PATHS = (
					"$(inherited)",
					"@executable_path/Frameworks",
					"@loader_path/Frameworks",
				);
				PRODUCT_BUNDLE_IDENTIFIER = com.elisaj.InstagramTests;
				PRODUCT_NAME = "$(TARGET_NAME)";
				TARGETED_DEVICE_FAMILY = "1,2";
				TEST_HOST = "$(BUILT_PRODUCTS_DIR)/Instagram.app/Instagram";
			};
			name = Debug;
		};
		5EB4D4AB2694E7CE002B9D64 /* Release */ = {
			isa = XCBuildConfiguration;
			baseConfigurationReference = CF176F6CB0DD3CB3C067A6B0 /* Pods-InstagramTests.release.xcconfig */;
			buildSettings = {
				BUNDLE_LOADER = "$(TEST_HOST)";
				CODE_SIGN_STYLE = Automatic;
				DEVELOPMENT_TEAM = 6PHVC92C5H;
				INFOPLIST_FILE = InstagramTests/Info.plist;
				IPHONEOS_DEPLOYMENT_TARGET = 14.5;
				LD_RUNPATH_SEARCH_PATHS = (
					"$(inherited)",
					"@executable_path/Frameworks",
					"@loader_path/Frameworks",
				);
				PRODUCT_BUNDLE_IDENTIFIER = com.elisaj.InstagramTests;
				PRODUCT_NAME = "$(TARGET_NAME)";
				TARGETED_DEVICE_FAMILY = "1,2";
				TEST_HOST = "$(BUILT_PRODUCTS_DIR)/Instagram.app/Instagram";
			};
			name = Release;
		};
		5EB4D4AD2694E7CE002B9D64 /* Debug */ = {
			isa = XCBuildConfiguration;
			baseConfigurationReference = BE36BA1D462E98AD1A626FB3 /* Pods-Instagram-InstagramUITests.debug.xcconfig */;
			buildSettings = {
				CODE_SIGN_STYLE = Automatic;
				DEVELOPMENT_TEAM = 6PHVC92C5H;
				INFOPLIST_FILE = InstagramUITests/Info.plist;
				LD_RUNPATH_SEARCH_PATHS = (
					"$(inherited)",
					"@executable_path/Frameworks",
					"@loader_path/Frameworks",
				);
				PRODUCT_BUNDLE_IDENTIFIER = com.elisaj.InstagramUITests;
				PRODUCT_NAME = "$(TARGET_NAME)";
				TARGETED_DEVICE_FAMILY = "1,2";
				TEST_TARGET_NAME = Instagram;
			};
			name = Debug;
		};
		5EB4D4AE2694E7CE002B9D64 /* Release */ = {
			isa = XCBuildConfiguration;
			baseConfigurationReference = 2994E6041A859D9AD117BD11 /* Pods-Instagram-InstagramUITests.release.xcconfig */;
			buildSettings = {
				CODE_SIGN_STYLE = Automatic;
				DEVELOPMENT_TEAM = 6PHVC92C5H;
				INFOPLIST_FILE = InstagramUITests/Info.plist;
				LD_RUNPATH_SEARCH_PATHS = (
					"$(inherited)",
					"@executable_path/Frameworks",
					"@loader_path/Frameworks",
				);
				PRODUCT_BUNDLE_IDENTIFIER = com.elisaj.InstagramUITests;
				PRODUCT_NAME = "$(TARGET_NAME)";
				TARGETED_DEVICE_FAMILY = "1,2";
				TEST_TARGET_NAME = Instagram;
			};
			name = Release;
		};
/* End XCBuildConfiguration section */

/* Begin XCConfigurationList section */
		5EB4D4722694E7CD002B9D64 /* Build configuration list for PBXProject "Instagram" */ = {
			isa = XCConfigurationList;
			buildConfigurations = (
				5EB4D4A42694E7CE002B9D64 /* Debug */,
				5EB4D4A52694E7CE002B9D64 /* Release */,
			);
			defaultConfigurationIsVisible = 0;
			defaultConfigurationName = Release;
		};
		5EB4D4A62694E7CE002B9D64 /* Build configuration list for PBXNativeTarget "Instagram" */ = {
			isa = XCConfigurationList;
			buildConfigurations = (
				5EB4D4A72694E7CE002B9D64 /* Debug */,
				5EB4D4A82694E7CE002B9D64 /* Release */,
			);
			defaultConfigurationIsVisible = 0;
			defaultConfigurationName = Release;
		};
		5EB4D4A92694E7CE002B9D64 /* Build configuration list for PBXNativeTarget "InstagramTests" */ = {
			isa = XCConfigurationList;
			buildConfigurations = (
				5EB4D4AA2694E7CE002B9D64 /* Debug */,
				5EB4D4AB2694E7CE002B9D64 /* Release */,
			);
			defaultConfigurationIsVisible = 0;
			defaultConfigurationName = Release;
		};
		5EB4D4AC2694E7CE002B9D64 /* Build configuration list for PBXNativeTarget "InstagramUITests" */ = {
			isa = XCConfigurationList;
			buildConfigurations = (
				5EB4D4AD2694E7CE002B9D64 /* Debug */,
				5EB4D4AE2694E7CE002B9D64 /* Release */,
			);
			defaultConfigurationIsVisible = 0;
			defaultConfigurationName = Release;
		};
/* End XCConfigurationList section */
	};
	rootObject = 5EB4D46F2694E7CD002B9D64 /* Project object */;
}
